
Microsoft Visual Studio Solution File, Format Version 12.00
# Visual Studio Version 17
VisualStudioVersion = 17.4.33122.133
MinimumVisualStudioVersion = 10.0.40219.1
Project("{FAE04EC0-301F-11D3-BF4B-00C04F79EFBC}") = "Rediscount KS.Android", "Rediscount KS\Rediscount KS.Android\Rediscount KS.Android.csproj", "{33B22A78-7EDB-42DB-8997-6461715C70D0}"
EndProject
Project("{FAE04EC0-301F-11D3-BF4B-00C04F79EFBC}") = "Rediscount KS", "Rediscount KS\Rediscount KS\Rediscount KS.csproj", "{95BA1AC1-D830-4C15-8ACE-8AD4A4760102}"
EndProject
Global
	GlobalSection(SolutionConfigurationPlatforms) = preSolution
		Debug|Any CPU = Debug|Any CPU
		Release|Any CPU = Release|Any CPU
	EndGlobalSection
	GlobalSection(ProjectConfigurationPlatforms) = postSolution
		{33B22A78-7EDB-42DB-8997-6461715C70D0}.Debug|Any CPU.ActiveCfg = Debug|Any CPU
		{33B22A78-7EDB-42DB-8997-6461715C70D0}.Debug|Any CPU.Build.0 = Debug|Any CPU
		{33B22A78-7EDB-42DB-8997-6461715C70D0}.Debug|Any CPU.Deploy.0 = Debug|Any CPU
		{33B22A78-7EDB-42DB-8997-6461715C70D0}.Release|Any CPU.ActiveCfg = Release|Any CPU
		{33B22A78-7EDB-42DB-8997-6461715C70D0}.Release|Any CPU.Build.0 = Release|Any CPU
		{33B22A78-7EDB-42DB-8997-6461715C70D0}.Release|Any CPU.Deploy.0 = Release|Any CPU
		{95BA1AC1-D830-4C15-8ACE-8AD4A4760102}.Debug|Any CPU.ActiveCfg = Debug|Any CPU
		{95BA1AC1-D830-4C15-8ACE-8AD4A4760102}.Debug|Any CPU.Build.0 = Debug|Any CPU
		{95BA1AC1-D830-4C15-8ACE-8AD4A4760102}.Debug|Any CPU.Deploy.0 = Debug|Any CPU
		{95BA1AC1-D830-4C15-8ACE-8AD4A4760102}.Release|Any CPU.ActiveCfg = Release|Any CPU
		{95BA1AC1-D830-4C15-8ACE-8AD4A4760102}.Release|Any CPU.Build.0 = Release|Any CPU
		{95BA1AC1-D830-4C15-8ACE-8AD4A4760102}.Release|Any CPU.Deploy.0 = Release|Any CPU
	EndGlobalSection
	GlobalSection(SolutionProperties) = preSolution
		HideSolutionNode = FALSE
	EndGlobalSection
	GlobalSection(ExtensibilityGlobals) = postSolution
		SolutionGuid = {8BB67F45-93B6-4CEF-A56A-3F528A1380FB}
	EndGlobalSection
EndGlobal
